
Microsoft Visual Studio Solution File, Format Version 12.00
# Visual Studio 2013
VisualStudioVersion = 12.0.30723.0
MinimumVisualStudioVersion = 10.0.40219.1
Project("{8BC9CEB8-8B4A-11D0-8D11-00A0C91BC942}") = "DialogDD", "Dialog\DialogDD.vcxproj", "{4297B8FB-9DEA-48F5-B641-79B0A42E17A8}"
EndProject
Project("{8BC9CEB8-8B4A-11D0-8D11-00A0C91BC942}") = "DialogDS", "Dialog\DialogDS.vcxproj", "{D79AE852-CD63-4B00-9C88-AFFA26903C02}"
EndProject
Project("{8BC9CEB8-8B4A-11D0-8D11-00A0C91BC942}") = "DialogSS", "Dialog\DialogSS.vcxproj", "{E0AF54BA-B47F-4FFC-B223-5A9EB1EE7DA6}"
EndProject
Project("{8BC9CEB8-8B4A-11D0-8D11-00A0C91BC942}") = "MDI", "MDI\MDI.vcxproj", "{CEF6C52D-CDFF-40EB-9F7C-BFE2D0AC93AF}"
EndProject
Project("{8BC9CEB8-8B4A-11D0-8D11-00A0C91BC942}") = "PropertySheet", "PropertySheet\PropertySheet.vcxproj", "{EAE65524-54E5-4888-8E43-C6C6692444FC}"
EndProject
Project("{8BC9CEB8-8B4A-11D0-8D11-00A0C91BC942}") = "XListCtrlDD", "XListCtrlLib\XListCtrlDD.vcxproj", "{19B75D60-BDDE-4B7A-99A2-9485E10850C8}"
EndProject
Project("{8BC9CEB8-8B4A-11D0-8D11-00A0C91BC942}") = "XListCtrlDS", "XListCtrlLib\XListCtrlDS.vcxproj", "{57A19B8E-781E-4410-9DCC-A5CEF63E3C7A}"
EndProject
Project("{8BC9CEB8-8B4A-11D0-8D11-00A0C91BC942}") = "XListCtrlSS", "XListCtrlLib\XListCtrlSS.vcxproj", "{763006BE-C996-41C5-9117-FF0BB4F8CFD8}"
EndProject
Global
	GlobalSection(SolutionConfigurationPlatforms) = preSolution
		Debug Unicode|Win32 = Debug Unicode|Win32
		Debug Unicode|x64 = Debug Unicode|x64
		Debug|Win32 = Debug|Win32
		Debug|x64 = Debug|x64
		Release Unicode|Win32 = Release Unicode|Win32
		Release Unicode|x64 = Release Unicode|x64
		Release|Win32 = Release|Win32
		Release|x64 = Release|x64
		Template|Win32 = Template|Win32
		Template|x64 = Template|x64
	EndGlobalSection
	GlobalSection(ProjectConfigurationPlatforms) = postSolution
		{4297B8FB-9DEA-48F5-B641-79B0A42E17A8}.Debug Unicode|Win32.ActiveCfg = Debug Unicode|Win32
		{4297B8FB-9DEA-48F5-B641-79B0A42E17A8}.Debug Unicode|Win32.Build.0 = Debug Unicode|Win32
		{4297B8FB-9DEA-48F5-B641-79B0A42E17A8}.Debug Unicode|x64.ActiveCfg = Debug Unicode|x64
		{4297B8FB-9DEA-48F5-B641-79B0A42E17A8}.Debug Unicode|x64.Build.0 = Debug Unicode|x64
		{4297B8FB-9DEA-48F5-B641-79B0A42E17A8}.Debug|Win32.ActiveCfg = Debug|Win32
		{4297B8FB-9DEA-48F5-B641-79B0A42E17A8}.Debug|Win32.Build.0 = Debug|Win32
		{4297B8FB-9DEA-48F5-B641-79B0A42E17A8}.Debug|x64.ActiveCfg = Debug|x64
		{4297B8FB-9DEA-48F5-B641-79B0A42E17A8}.Debug|x64.Build.0 = Debug|x64
		{4297B8FB-9DEA-48F5-B641-79B0A42E17A8}.Release Unicode|Win32.ActiveCfg = Release Unicode|Win32
		{4297B8FB-9DEA-48F5-B641-79B0A42E17A8}.Release Unicode|Win32.Build.0 = Release Unicode|Win32
		{4297B8FB-9DEA-48F5-B641-79B0A42E17A8}.Release Unicode|x64.ActiveCfg = Release Unicode|x64
		{4297B8FB-9DEA-48F5-B641-79B0A42E17A8}.Release Unicode|x64.Build.0 = Release Unicode|x64
		{4297B8FB-9DEA-48F5-B641-79B0A42E17A8}.Release|Win32.ActiveCfg = Release|Win32
		{4297B8FB-9DEA-48F5-B641-79B0A42E17A8}.Release|Win32.Build.0 = Release|Win32
		{4297B8FB-9DEA-48F5-B641-79B0A42E17A8}.Release|x64.ActiveCfg = Release|x64
		{4297B8FB-9DEA-48F5-B641-79B0A42E17A8}.Release|x64.Build.0 = Release|x64
		{4297B8FB-9DEA-48F5-B641-79B0A42E17A8}.Template|Win32.ActiveCfg = Release Unicode|Win32
		{4297B8FB-9DEA-48F5-B641-79B0A42E17A8}.Template|Win32.Build.0 = Release Unicode|Win32
		{4297B8FB-9DEA-48F5-B641-79B0A42E17A8}.Template|x64.ActiveCfg = Release Unicode|x64
		{4297B8FB-9DEA-48F5-B641-79B0A42E17A8}.Template|x64.Build.0 = Release Unicode|x64
		{D79AE852-CD63-4B00-9C88-AFFA26903C02}.Debug Unicode|Win32.ActiveCfg = Debug Unicode|Win32
		{D79AE852-CD63-4B00-9C88-AFFA26903C02}.Debug Unicode|Win32.Build.0 = Debug Unicode|Win32
		{D79AE852-CD63-4B00-9C88-AFFA26903C02}.Debug Unicode|x64.ActiveCfg = Debug Unicode|x64
		{D79AE852-CD63-4B00-9C88-AFFA26903C02}.Debug Unicode|x64.Build.0 = Debug Unicode|x64
		{D79AE852-CD63-4B00-9C88-AFFA26903C02}.Debug|Win32.ActiveCfg = Debug|Win32
		{D79AE852-CD63-4B00-9C88-AFFA26903C02}.Debug|Win32.Build.0 = Debug|Win32
		{D79AE852-CD63-4B00-9C88-AFFA26903C02}.Debug|x64.ActiveCfg = Debug|x64
		{D79AE852-CD63-4B00-9C88-AFFA26903C02}.Debug|x64.Build.0 = Debug|x64
		{D79AE852-CD63-4B00-9C88-AFFA26903C02}.Release Unicode|Win32.ActiveCfg = Release Unicode|Win32
		{D79AE852-CD63-4B00-9C88-AFFA26903C02}.Release Unicode|Win32.Build.0 = Release Unicode|Win32
		{D79AE852-CD63-4B00-9C88-AFFA26903C02}.Release Unicode|x64.ActiveCfg = Release Unicode|x64
		{D79AE852-CD63-4B00-9C88-AFFA26903C02}.Release Unicode|x64.Build.0 = Release Unicode|x64
		{D79AE852-CD63-4B00-9C88-AFFA26903C02}.Release|Win32.ActiveCfg = Release|Win32
		{D79AE852-CD63-4B00-9C88-AFFA26903C02}.Release|Win32.Build.0 = Release|Win32
		{D79AE852-CD63-4B00-9C88-AFFA26903C02}.Release|x64.ActiveCfg = Release|x64
		{D79AE852-CD63-4B00-9C88-AFFA26903C02}.Release|x64.Build.0 = Release|x64
		{D79AE852-CD63-4B00-9C88-AFFA26903C02}.Template|Win32.ActiveCfg = Template|Win32
		{D79AE852-CD63-4B00-9C88-AFFA26903C02}.Template|Win32.Build.0 = Template|Win32
		{D79AE852-CD63-4B00-9C88-AFFA26903C02}.Template|x64.ActiveCfg = Template|x64
		{D79AE852-CD63-4B00-9C88-AFFA26903C02}.Template|x64.Build.0 = Template|x64
		{E0AF54BA-B47F-4FFC-B223-5A9EB1EE7DA6}.Debug Unicode|Win32.ActiveCfg = Debug Unicode|Win32
		{E0AF54BA-B47F-4FFC-B223-5A9EB1EE7DA6}.Debug Unicode|Win32.Build.0 = Debug Unicode|Win32
		{E0AF54BA-B47F-4FFC-B223-5A9EB1EE7DA6}.Debug Unicode|x64.ActiveCfg = Debug Unicode|x64
		{E0AF54BA-B47F-4FFC-B223-5A9EB1EE7DA6}.Debug Unicode|x64.Build.0 = Debug Unicode|x64
		{E0AF54BA-B47F-4FFC-B223-5A9EB1EE7DA6}.Debug|Win32.ActiveCfg = Debug|Win32
		{E0AF54BA-B47F-4FFC-B223-5A9EB1EE7DA6}.Debug|Win32.Build.0 = Debug|Win32
		{E0AF54BA-B47F-4FFC-B223-5A9EB1EE7DA6}.Debug|x64.ActiveCfg = Debug|x64
		{E0AF54BA-B47F-4FFC-B223-5A9EB1EE7DA6}.Debug|x64.Build.0 = Debug|x64
		{E0AF54BA-B47F-4FFC-B223-5A9EB1EE7DA6}.Release Unicode|Win32.ActiveCfg = Release Unicode|Win32
		{E0AF54BA-B47F-4FFC-B223-5A9EB1EE7DA6}.Release Unicode|Win32.Build.0 = Release Unicode|Win32
		{E0AF54BA-B47F-4FFC-B223-5A9EB1EE7DA6}.Release Unicode|x64.ActiveCfg = Release Unicode|x64
		{E0AF54BA-B47F-4FFC-B223-5A9EB1EE7DA6}.Release Unicode|x64.Build.0 = Release Unicode|x64
		{E0AF54BA-B47F-4FFC-B223-5A9EB1EE7DA6}.Release|Win32.ActiveCfg = Release|Win32
		{E0AF54BA-B47F-4FFC-B223-5A9EB1EE7DA6}.Release|Win32.Build.0 = Release|Win32
		{E0AF54BA-B47F-4FFC-B223-5A9EB1EE7DA6}.Release|x64.ActiveCfg = Release|x64
		{E0AF54BA-B47F-4FFC-B223-5A9EB1EE7DA6}.Release|x64.Build.0 = Release|x64
		{E0AF54BA-B47F-4FFC-B223-5A9EB1EE7DA6}.Template|Win32.ActiveCfg = Template|Win32
		{E0AF54BA-B47F-4FFC-B223-5A9EB1EE7DA6}.Template|Win32.Build.0 = Template|Win32
		{E0AF54BA-B47F-4FFC-B223-5A9EB1EE7DA6}.Template|x64.ActiveCfg = Template|x64
		{E0AF54BA-B47F-4FFC-B223-5A9EB1EE7DA6}.Template|x64.Build.0 = Template|x64
		{CEF6C52D-CDFF-40EB-9F7C-BFE2D0AC93AF}.Debug Unicode|Win32.ActiveCfg = Debug|Win32
		{CEF6C52D-CDFF-40EB-9F7C-BFE2D0AC93AF}.Debug Unicode|Win32.Build.0 = Debug|Win32
		{CEF6C52D-CDFF-40EB-9F7C-BFE2D0AC93AF}.Debug Unicode|x64.ActiveCfg = Debug|x64
		{CEF6C52D-CDFF-40EB-9F7C-BFE2D0AC93AF}.Debug Unicode|x64.Build.0 = Debug|x64
		{CEF6C52D-CDFF-40EB-9F7C-BFE2D0AC93AF}.Debug|Win32.ActiveCfg = Debug|Win32
		{CEF6C52D-CDFF-40EB-9F7C-BFE2D0AC93AF}.Debug|Win32.Build.0 = Debug|Win32
		{CEF6C52D-CDFF-40EB-9F7C-BFE2D0AC93AF}.Debug|x64.ActiveCfg = Debug|x64
		{CEF6C52D-CDFF-40EB-9F7C-BFE2D0AC93AF}.Debug|x64.Build.0 = Debug|x64
		{CEF6C52D-CDFF-40EB-9F7C-BFE2D0AC93AF}.Release Unicode|Win32.ActiveCfg = Release|Win32
		{CEF6C52D-CDFF-40EB-9F7C-BFE2D0AC93AF}.Release Unicode|Win32.Build.0 = Release|Win32
		{CEF6C52D-CDFF-40EB-9F7C-BFE2D0AC93AF}.Release Unicode|x64.ActiveCfg = Release|x64
		{CEF6C52D-CDFF-40EB-9F7C-BFE2D0AC93AF}.Release Unicode|x64.Build.0 = Release|x64
		{CEF6C52D-CDFF-40EB-9F7C-BFE2D0AC93AF}.Release|Win32.ActiveCfg = Release|Win32
		{CEF6C52D-CDFF-40EB-9F7C-BFE2D0AC93AF}.Release|Win32.Build.0 = Release|Win32
		{CEF6C52D-CDFF-40EB-9F7C-BFE2D0AC93AF}.Release|x64.ActiveCfg = Release|x64
		{CEF6C52D-CDFF-40EB-9F7C-BFE2D0AC93AF}.Release|x64.Build.0 = Release|x64
		{CEF6C52D-CDFF-40EB-9F7C-BFE2D0AC93AF}.Template|Win32.ActiveCfg = Template|Win32
		{CEF6C52D-CDFF-40EB-9F7C-BFE2D0AC93AF}.Template|Win32.Build.0 = Template|Win32
		{CEF6C52D-CDFF-40EB-9F7C-BFE2D0AC93AF}.Template|x64.ActiveCfg = Template|x64
		{CEF6C52D-CDFF-40EB-9F7C-BFE2D0AC93AF}.Template|x64.Build.0 = Template|x64
		{EAE65524-54E5-4888-8E43-C6C6692444FC}.Debug Unicode|Win32.ActiveCfg = Debug|Win32
		{EAE65524-54E5-4888-8E43-C6C6692444FC}.Debug Unicode|Win32.Build.0 = Debug|Win32
		{EAE65524-54E5-4888-8E43-C6C6692444FC}.Debug Unicode|x64.ActiveCfg = Debug|x64
		{EAE65524-54E5-4888-8E43-C6C6692444FC}.Debug Unicode|x64.Build.0 = Debug|x64
		{EAE65524-54E5-4888-8E43-C6C6692444FC}.Debug|Win32.ActiveCfg = Debug|Win32
		{EAE65524-54E5-4888-8E43-C6C6692444FC}.Debug|Win32.Build.0 = Debug|Win32
		{EAE65524-54E5-4888-8E43-C6C6692444FC}.Debug|x64.ActiveCfg = Debug|x64
		{EAE65524-54E5-4888-8E43-C6C6692444FC}.Debug|x64.Build.0 = Debug|x64
		{EAE65524-54E5-4888-8E43-C6C6692444FC}.Release Unicode|Win32.ActiveCfg = Release|Win32
		{EAE65524-54E5-4888-8E43-C6C6692444FC}.Release Unicode|Win32.Build.0 = Release|Win32
		{EAE65524-54E5-4888-8E43-C6C6692444FC}.Release Unicode|x64.ActiveCfg = Release|x64
		{EAE65524-54E5-4888-8E43-C6C6692444FC}.Release Unicode|x64.Build.0 = Release|x64
		{EAE65524-54E5-4888-8E43-C6C6692444FC}.Release|Win32.ActiveCfg = Release|Win32
		{EAE65524-54E5-4888-8E43-C6C6692444FC}.Release|Win32.Build.0 = Release|Win32
		{EAE65524-54E5-4888-8E43-C6C6692444FC}.Release|x64.ActiveCfg = Release|x64
		{EAE65524-54E5-4888-8E43-C6C6692444FC}.Release|x64.Build.0 = Release|x64
		{EAE65524-54E5-4888-8E43-C6C6692444FC}.Template|Win32.ActiveCfg = Template|Win32
		{EAE65524-54E5-4888-8E43-C6C6692444FC}.Template|Win32.Build.0 = Template|Win32
		{EAE65524-54E5-4888-8E43-C6C6692444FC}.Template|x64.ActiveCfg = Template|x64
		{EAE65524-54E5-4888-8E43-C6C6692444FC}.Template|x64.Build.0 = Template|x64
		{19B75D60-BDDE-4B7A-99A2-9485E10850C8}.Debug Unicode|Win32.ActiveCfg = Debug Unicode|Win32
		{19B75D60-BDDE-4B7A-99A2-9485E10850C8}.Debug Unicode|Win32.Build.0 = Debug Unicode|Win32
		{19B75D60-BDDE-4B7A-99A2-9485E10850C8}.Debug Unicode|x64.ActiveCfg = Debug Unicode|x64
		{19B75D60-BDDE-4B7A-99A2-9485E10850C8}.Debug Unicode|x64.Build.0 = Debug Unicode|x64
		{19B75D60-BDDE-4B7A-99A2-9485E10850C8}.Debug|Win32.ActiveCfg = Debug|Win32
		{19B75D60-BDDE-4B7A-99A2-9485E10850C8}.Debug|Win32.Build.0 = Debug|Win32
		{19B75D60-BDDE-4B7A-99A2-9485E10850C8}.Debug|x64.ActiveCfg = Debug|x64
		{19B75D60-BDDE-4B7A-99A2-9485E10850C8}.Debug|x64.Build.0 = Debug|x64
		{19B75D60-BDDE-4B7A-99A2-9485E10850C8}.Release Unicode|Win32.ActiveCfg = Release Unicode|Win32
		{19B75D60-BDDE-4B7A-99A2-9485E10850C8}.Release Unicode|Win32.Build.0 = Release Unicode|Win32
		{19B75D60-BDDE-4B7A-99A2-9485E10850C8}.Release Unicode|x64.ActiveCfg = Release Unicode|x64
		{19B75D60-BDDE-4B7A-99A2-9485E10850C8}.Release Unicode|x64.Build.0 = Release Unicode|x64
		{19B75D60-BDDE-4B7A-99A2-9485E10850C8}.Release|Win32.ActiveCfg = Release|Win32
		{19B75D60-BDDE-4B7A-99A2-9485E10850C8}.Release|Win32.Build.0 = Release|Win32
		{19B75D60-BDDE-4B7A-99A2-9485E10850C8}.Release|x64.ActiveCfg = Release|x64
		{19B75D60-BDDE-4B7A-99A2-9485E10850C8}.Release|x64.Build.0 = Release|x64
		{19B75D60-BDDE-4B7A-99A2-9485E10850C8}.Template|Win32.ActiveCfg = Template|Win32
		{19B75D60-BDDE-4B7A-99A2-9485E10850C8}.Template|Win32.Build.0 = Template|Win32
		{19B75D60-BDDE-4B7A-99A2-9485E10850C8}.Template|x64.ActiveCfg = Template|x64
		{19B75D60-BDDE-4B7A-99A2-9485E10850C8}.Template|x64.Build.0 = Template|x64
		{57A19B8E-781E-4410-9DCC-A5CEF63E3C7A}.Debug Unicode|Win32.ActiveCfg = Debug Unicode|Win32
		{57A19B8E-781E-4410-9DCC-A5CEF63E3C7A}.Debug Unicode|Win32.Build.0 = Debug Unicode|Win32
		{57A19B8E-781E-4410-9DCC-A5CEF63E3C7A}.Debug Unicode|x64.ActiveCfg = Debug Unicode|x64
		{57A19B8E-781E-4410-9DCC-A5CEF63E3C7A}.Debug Unicode|x64.Build.0 = Debug Unicode|x64
		{57A19B8E-781E-4410-9DCC-A5CEF63E3C7A}.Debug|Win32.ActiveCfg = Debug|Win32
		{57A19B8E-781E-4410-9DCC-A5CEF63E3C7A}.Debug|Win32.Build.0 = Debug|Win32
		{57A19B8E-781E-4410-9DCC-A5CEF63E3C7A}.Debug|x64.ActiveCfg = Debug|x64
		{57A19B8E-781E-4410-9DCC-A5CEF63E3C7A}.Debug|x64.Build.0 = Debug|x64
		{57A19B8E-781E-4410-9DCC-A5CEF63E3C7A}.Release Unicode|Win32.ActiveCfg = Release Unicode|Win32
		{57A19B8E-781E-4410-9DCC-A5CEF63E3C7A}.Release Unicode|Win32.Build.0 = Release Unicode|Win32
		{57A19B8E-781E-4410-9DCC-A5CEF63E3C7A}.Release Unicode|x64.ActiveCfg = Release Unicode|x64
		{57A19B8E-781E-4410-9DCC-A5CEF63E3C7A}.Release Unicode|x64.Build.0 = Release Unicode|x64
		{57A19B8E-781E-4410-9DCC-A5CEF63E3C7A}.Release|Win32.ActiveCfg = Release|Win32
		{57A19B8E-781E-4410-9DCC-A5CEF63E3C7A}.Release|Win32.Build.0 = Release|Win32
		{57A19B8E-781E-4410-9DCC-A5CEF63E3C7A}.Release|x64.ActiveCfg = Release|x64
		{57A19B8E-781E-4410-9DCC-A5CEF63E3C7A}.Release|x64.Build.0 = Release|x64
		{57A19B8E-781E-4410-9DCC-A5CEF63E3C7A}.Template|Win32.ActiveCfg = Template|Win32
		{57A19B8E-781E-4410-9DCC-A5CEF63E3C7A}.Template|Win32.Build.0 = Template|Win32
		{57A19B8E-781E-4410-9DCC-A5CEF63E3C7A}.Template|x64.ActiveCfg = Template|x64
		{57A19B8E-781E-4410-9DCC-A5CEF63E3C7A}.Template|x64.Build.0 = Template|x64
		{763006BE-C996-41C5-9117-FF0BB4F8CFD8}.Debug Unicode|Win32.ActiveCfg = Debug Unicode|Win32
		{763006BE-C996-41C5-9117-FF0BB4F8CFD8}.Debug Unicode|Win32.Build.0 = Debug Unicode|Win32
		{763006BE-C996-41C5-9117-FF0BB4F8CFD8}.Debug Unicode|x64.ActiveCfg = Debug Unicode|x64
		{763006BE-C996-41C5-9117-FF0BB4F8CFD8}.Debug Unicode|x64.Build.0 = Debug Unicode|x64
		{763006BE-C996-41C5-9117-FF0BB4F8CFD8}.Debug|Win32.ActiveCfg = Debug|Win32
		{763006BE-C996-41C5-9117-FF0BB4F8CFD8}.Debug|Win32.Build.0 = Debug|Win32
		{763006BE-C996-41C5-9117-FF0BB4F8CFD8}.Debug|x64.ActiveCfg = Debug|x64
		{763006BE-C996-41C5-9117-FF0BB4F8CFD8}.Debug|x64.Build.0 = Debug|x64
		{763006BE-C996-41C5-9117-FF0BB4F8CFD8}.Release Unicode|Win32.ActiveCfg = Release Unicode|Win32
		{763006BE-C996-41C5-9117-FF0BB4F8CFD8}.Release Unicode|Win32.Build.0 = Release Unicode|Win32
		{763006BE-C996-41C5-9117-FF0BB4F8CFD8}.Release Unicode|x64.ActiveCfg = Release Unicode|x64
		{763006BE-C996-41C5-9117-FF0BB4F8CFD8}.Release Unicode|x64.Build.0 = Release Unicode|x64
		{763006BE-C996-41C5-9117-FF0BB4F8CFD8}.Release|Win32.ActiveCfg = Release|Win32
		{763006BE-C996-41C5-9117-FF0BB4F8CFD8}.Release|Win32.Build.0 = Release|Win32
		{763006BE-C996-41C5-9117-FF0BB4F8CFD8}.Release|x64.ActiveCfg = Release|x64
		{763006BE-C996-41C5-9117-FF0BB4F8CFD8}.Release|x64.Build.0 = Release|x64
		{763006BE-C996-41C5-9117-FF0BB4F8CFD8}.Template|Win32.ActiveCfg = Template|Win32
		{763006BE-C996-41C5-9117-FF0BB4F8CFD8}.Template|Win32.Build.0 = Template|Win32
		{763006BE-C996-41C5-9117-FF0BB4F8CFD8}.Template|x64.ActiveCfg = Template|x64
		{763006BE-C996-41C5-9117-FF0BB4F8CFD8}.Template|x64.Build.0 = Template|x64
	EndGlobalSection
	GlobalSection(SolutionProperties) = preSolution
		HideSolutionNode = FALSE
	EndGlobalSection
EndGlobal
